# generated by rye
# use `rye lock` or `rye sync` to update this lockfile
#
# last locked with the following flags:
#   pre: false
#   features: []
#   all-features: false
#   with-sources: false
#   generate-hashes: false
#   universal: false

-e file:.
dataclasses-json==0.6.7
    # via client
dbus-next==0.2.3
    # via client
marshmallow==3.23.1
    # via dataclasses-json
mypy-extensions==1.0.0
    # via typing-inspect
packaging==24.2
    # via marshmallow
typing-extensions==4.12.2
    # via typing-inspect
typing-inspect==0.9.0
    # via dataclasses-json
websockets==14.1
    # via client
